
Microsoft Visual Studio Solution File, Format Version 10.00
# Visual Studio 2008
Project("{FAE04EC0-301F-11D3-BF4B-00C04F79EFBC}") = "tests", "tests\tests.csproj", "{098D3D6E-EAC2-43C7-B3B0-8D190E88CB43}"
EndProject
Project("{FAE04EC0-301F-11D3-BF4B-00C04F79EFBC}") = "src", "src\src.csproj", "{A7C0356D-61E6-489D-8F77-0A5AEB42BBFA}"
EndProject
Global
	GlobalSection(SolutionConfigurationPlatforms) = preSolution
		Debug|Any CPU = Debug|Any CPU
		Release|Any CPU = Release|Any CPU
	EndGlobalSection
	GlobalSection(ProjectConfigurationPlatforms) = postSolution
		{098D3D6E-EAC2-43C7-B3B0-8D190E88CB43}.Debug|Any CPU.ActiveCfg = Debug|Any CPU
		{098D3D6E-EAC2-43C7-B3B0-8D190E88CB43}.Debug|Any CPU.Build.0 = Debug|Any CPU
		{098D3D6E-EAC2-43C7-B3B0-8D190E88CB43}.Release|Any CPU.ActiveCfg = Release|Any CPU
		{098D3D6E-EAC2-43C7-B3B0-8D190E88CB43}.Release|Any CPU.Build.0 = Release|Any CPU
		{A7C0356D-61E6-489D-8F77-0A5AEB42BBFA}.Debug|Any CPU.ActiveCfg = Debug|Any CPU
		{A7C0356D-61E6-489D-8F77-0A5AEB42BBFA}.Debug|Any CPU.Build.0 = Debug|Any CPU
		{A7C0356D-61E6-489D-8F77-0A5AEB42BBFA}.Release|Any CPU.ActiveCfg = Release|Any CPU
		{A7C0356D-61E6-489D-8F77-0A5AEB42BBFA}.Release|Any CPU.Build.0 = Release|Any CPU
	EndGlobalSection
	GlobalSection(MonoDevelopProperties) = preSolution
		StartupItem = tests\tests.csproj
	EndGlobalSection
EndGlobal
